
Microsoft Visual Studio Solution File, Format Version 12.00
Project("{FAE04EC0-301F-11D3-BF4B-00C04F79EFBC}") = "FileTagger", "FileTagger\FileTagger.csproj", "{59AF0316-C771-4873-9F76-B6D2445C02F6}"
EndProject
Project("{FAE04EC0-301F-11D3-BF4B-00C04F79EFBC}") = "FileTaggerTests", "FileTaggerTests\FileTaggerTests.csproj", "{745F5DF7-F966-4AD1-99DF-950DBA799CA9}"
EndProject
Global
	GlobalSection(SolutionConfigurationPlatforms) = preSolution
		Debug|Any CPU = Debug|Any CPU
		Release|Any CPU = Release|Any CPU
	EndGlobalSection
	GlobalSection(ProjectConfigurationPlatforms) = postSolution
		{59AF0316-C771-4873-9F76-B6D2445C02F6}.Debug|Any CPU.ActiveCfg = Debug|Any CPU
		{59AF0316-C771-4873-9F76-B6D2445C02F6}.Debug|Any CPU.Build.0 = Debug|Any CPU
		{59AF0316-C771-4873-9F76-B6D2445C02F6}.Release|Any CPU.ActiveCfg = Release|Any CPU
		{59AF0316-C771-4873-9F76-B6D2445C02F6}.Release|Any CPU.Build.0 = Release|Any CPU
		{745F5DF7-F966-4AD1-99DF-950DBA799CA9}.Debug|Any CPU.ActiveCfg = Debug|Any CPU
		{745F5DF7-F966-4AD1-99DF-950DBA799CA9}.Debug|Any CPU.Build.0 = Debug|Any CPU
		{745F5DF7-F966-4AD1-99DF-950DBA799CA9}.Release|Any CPU.ActiveCfg = Release|Any CPU
		{745F5DF7-F966-4AD1-99DF-950DBA799CA9}.Release|Any CPU.Build.0 = Release|Any CPU
	EndGlobalSection
EndGlobal
